// !$*UTF8*$!
{
	archiveVersion = 1;
	classes = {
	};
	objectVersion = 50;
	objects = {

/* Begin PBXBuildFile section */
		14BC1509EBE495246361DC86 /* Pods_Todoey.framework in Frameworks */ = {isa = PBXBuildFile; fileRef = 3F816757393B489399274389 /* Pods_Todoey.framework */; };
		96042F69225C200E006DB823 /* AppDelegate.swift in Sources */ = {isa = PBXBuildFile; fileRef = 96042F68225C200E006DB823 /* AppDelegate.swift */; };
		96042F6B225C200E006DB823 /* TodoListViewController.swift in Sources */ = {isa = PBXBuildFile; fileRef = 96042F6A225C200E006DB823 /* TodoListViewController.swift */; };
		96042F6E225C200E006DB823 /* Main.storyboard in Resources */ = {isa = PBXBuildFile; fileRef = 96042F6C225C200E006DB823 /* Main.storyboard */; };
		96042F70225C200F006DB823 /* Assets.xcassets in Resources */ = {isa = PBXBuildFile; fileRef = 96042F6F225C200F006DB823 /* Assets.xcassets */; };
		96042F73225C200F006DB823 /* LaunchScreen.storyboard in Resources */ = {isa = PBXBuildFile; fileRef = 96042F71225C200F006DB823 /* LaunchScreen.storyboard */; };
		964B0C08228B96EA000FCA38 /* Item.swift in Sources */ = {isa = PBXBuildFile; fileRef = 964B0C07228B96EA000FCA38 /* Item.swift */; };
		964B0C0A228B96FA000FCA38 /* Category.swift in Sources */ = {isa = PBXBuildFile; fileRef = 964B0C09228B96FA000FCA38 /* Category.swift */; };
		96834A6422A0AE59000412AC /* SwipeTableViewController.swift in Sources */ = {isa = PBXBuildFile; fileRef = 96834A6322A0AE59000412AC /* SwipeTableViewController.swift */; };
		96D48AB82284FFC7004C8044 /* CategoryViewController.swift in Sources */ = {isa = PBXBuildFile; fileRef = 96D48AB72284FFC7004C8044 /* CategoryViewController.swift */; };
/* End PBXBuildFile section */

/* Begin PBXFileReference section */
		3F816757393B489399274389 /* Pods_Todoey.framework */ = {isa = PBXFileReference; explicitFileType = wrapper.framework; includeInIndex = 0; path = Pods_Todoey.framework; sourceTree = BUILT_PRODUCTS_DIR; };
		668E802165B6B3D14577E1C4 /* Pods-Todoey.debug.xcconfig */ = {isa = PBXFileReference; includeInIndex = 1; lastKnownFileType = text.xcconfig; name = "Pods-Todoey.debug.xcconfig"; path = "Target Support Files/Pods-Todoey/Pods-Todoey.debug.xcconfig"; sourceTree = "<group>"; };
		88A0BE5F6D005DCC4461D565 /* Pods-Todoey.release.xcconfig */ = {isa = PBXFileReference; includeInIndex = 1; lastKnownFileType = text.xcconfig; name = "Pods-Todoey.release.xcconfig"; path = "Target Support Files/Pods-Todoey/Pods-Todoey.release.xcconfig"; sourceTree = "<group>"; };
		96042F65225C200E006DB823 /* Todoey.app */ = {isa = PBXFileReference; explicitFileType = wrapper.application; includeInIndex = 0; path = Todoey.app; sourceTree = BUILT_PRODUCTS_DIR; };
		96042F68225C200E006DB823 /* AppDelegate.swift */ = {isa = PBXFileReference; lastKnownFileType = sourcecode.swift; path = AppDelegate.swift; sourceTree = "<group>"; };
		96042F6A225C200E006DB823 /* TodoListViewController.swift */ = {isa = PBXFileReference; lastKnownFileType = sourcecode.swift; path = TodoListViewController.swift; sourceTree = "<group>"; };
		96042F6D225C200E006DB823 /* Base */ = {isa = PBXFileReference; lastKnownFileType = file.storyboard; name = Base; path = Base.lproj/Main.storyboard; sourceTree = "<group>"; };
		96042F6F225C200F006DB823 /* Assets.xcassets */ = {isa = PBXFileReference; lastKnownFileType = folder.assetcatalog; path = Assets.xcassets; sourceTree = "<group>"; };
		96042F72225C200F006DB823 /* Base */ = {isa = PBXFileReference; lastKnownFileType = file.storyboard; name = Base; path = Base.lproj/LaunchScreen.storyboard; sourceTree = "<group>"; };
		96042F74225C200F006DB823 /* Info.plist */ = {isa = PBXFileReference; lastKnownFileType = text.plist.xml; path = Info.plist; sourceTree = "<group>"; };
		964B0C07228B96EA000FCA38 /* Item.swift */ = {isa = PBXFileReference; lastKnownFileType = sourcecode.swift; path = Item.swift; sourceTree = "<group>"; };
		964B0C09228B96FA000FCA38 /* Category.swift */ = {isa = PBXFileReference; lastKnownFileType = sourcecode.swift; path = Category.swift; sourceTree = "<group>"; };
		96834A6322A0AE59000412AC /* SwipeTableViewController.swift */ = {isa = PBXFileReference; lastKnownFileType = sourcecode.swift; path = SwipeTableViewController.swift; sourceTree = "<group>"; };
		96D48AB72284FFC7004C8044 /* CategoryViewController.swift */ = {isa = PBXFileReference; lastKnownFileType = sourcecode.swift; path = CategoryViewController.swift; sourceTree = "<group>"; };
/* End PBXFileReference section */

/* Begin PBXFrameworksBuildPhase section */
		96042F62225C200E006DB823 /* Frameworks */ = {
			isa = PBXFrameworksBuildPhase;
			buildActionMask = 2147483647;
			files = (
				14BC1509EBE495246361DC86 /* Pods_Todoey.framework in Frameworks */,
			);
			runOnlyForDeploymentPostprocessing = 0;
		};
/* End PBXFrameworksBuildPhase section */

/* Begin PBXGroup section */
		376AF54CECA5462DD8979F9C /* Pods */ = {
			isa = PBXGroup;
			children = (
				668E802165B6B3D14577E1C4 /* Pods-Todoey.debug.xcconfig */,
				88A0BE5F6D005DCC4461D565 /* Pods-Todoey.release.xcconfig */,
			);
			path = Pods;
			sourceTree = "<group>";
		};
		96042F5C225C200E006DB823 = {
			isa = PBXGroup;
			children = (
				96042F67225C200E006DB823 /* Todoey */,
				96042F66225C200E006DB823 /* Products */,
				376AF54CECA5462DD8979F9C /* Pods */,
				DE89E52A83E996A149CD9067 /* Frameworks */,
			);
			sourceTree = "<group>";
		};
		96042F66225C200E006DB823 /* Products */ = {
			isa = PBXGroup;
			children = (
				96042F65225C200E006DB823 /* Todoey.app */,
			);
			name = Products;
			sourceTree = "<group>";
		};
		96042F67225C200E006DB823 /* Todoey */ = {
			isa = PBXGroup;
			children = (
				96042F68225C200E006DB823 /* AppDelegate.swift */,
				96042F7D2266AB7D006DB823 /* Controllers */,
				96042F7E2266AB90006DB823 /* Views */,
				96042F7F2266ABA9006DB823 /* Supporting files */,
				96042F74225C200F006DB823 /* Info.plist */,
				96042F7C2266AB68006DB823 /* Data Model */,
			);
			path = Todoey;
			sourceTree = "<group>";
		};
		96042F7C2266AB68006DB823 /* Data Model */ = {
			isa = PBXGroup;
			children = (
				964B0C09228B96FA000FCA38 /* Category.swift */,
				964B0C07228B96EA000FCA38 /* Item.swift */,
			);
			path = "Data Model";
			sourceTree = "<group>";
		};
		96042F7D2266AB7D006DB823 /* Controllers */ = {
			isa = PBXGroup;
			children = (
				96D48AB72284FFC7004C8044 /* CategoryViewController.swift */,
				96834A6322A0AE59000412AC /* SwipeTableViewController.swift */,
				96042F6A225C200E006DB823 /* TodoListViewController.swift */,
			);
			path = Controllers;
			sourceTree = "<group>";
		};
		96042F7E2266AB90006DB823 /* Views */ = {
			isa = PBXGroup;
			children = (
				96042F6C225C200E006DB823 /* Main.storyboard */,
			);
			path = Views;
			sourceTree = "<group>";
		};
		96042F7F2266ABA9006DB823 /* Supporting files */ = {
			isa = PBXGroup;
			children = (
				96042F6F225C200F006DB823 /* Assets.xcassets */,
				96042F71225C200F006DB823 /* LaunchScreen.storyboard */,
			);
			path = "Supporting files";
			sourceTree = "<group>";
		};
		DE89E52A83E996A149CD9067 /* Frameworks */ = {
			isa = PBXGroup;
			children = (
				3F816757393B489399274389 /* Pods_Todoey.framework */,
			);
			name = Frameworks;
			sourceTree = "<group>";
		};
/* End PBXGroup section */

/* Begin PBXNativeTarget section */
		96042F64225C200E006DB823 /* Todoey */ = {
			isa = PBXNativeTarget;
			buildConfigurationList = 96042F77225C200F006DB823 /* Build configuration list for PBXNativeTarget "Todoey" */;
			buildPhases = (
				4049B320DAFAC4DA969A0A47 /* [CP] Check Pods Manifest.lock */,
				96042F61225C200E006DB823 /* Sources */,
				96042F62225C200E006DB823 /* Frameworks */,
				96042F63225C200E006DB823 /* Resources */,
				5C3B500EE4CB2D1A135D6C64 /* [CP] Embed Pods Frameworks */,
			);
			buildRules = (
			);
			dependencies = (
			);
			name = Todoey;
			productName = Todoey;
			productReference = 96042F65225C200E006DB823 /* Todoey.app */;
			productType = "com.apple.product-type.application";
		};
/* End PBXNativeTarget section */

/* Begin PBXProject section */
		96042F5D225C200E006DB823 /* Project object */ = {
			isa = PBXProject;
			attributes = {
				LastSwiftUpdateCheck = 1020;
				LastUpgradeCheck = 1020;
				ORGANIZATIONNAME = "Stephen Jenks";
				TargetAttributes = {
					96042F64225C200E006DB823 = {
						CreatedOnToolsVersion = 10.2;
					};
				};
			};
			buildConfigurationList = 96042F60225C200E006DB823 /* Build configuration list for PBXProject "Todoey" */;
			compatibilityVersion = "Xcode 9.3";
			developmentRegion = en;
			hasScannedForEncodings = 0;
			knownRegions = (
				en,
				Base,
			);
			mainGroup = 96042F5C225C200E006DB823;
			productRefGroup = 96042F66225C200E006DB823 /* Products */;
			projectDirPath = "";
			projectRoot = "";
			targets = (
				96042F64225C200E006DB823 /* Todoey */,
			);
		};
/* End PBXProject section */

/* Begin PBXResourcesBuildPhase section */
		96042F63225C200E006DB823 /* Resources */ = {
			isa = PBXResourcesBuildPhase;
			buildActionMask = 2147483647;
			files = (
				96042F73225C200F006DB823 /* LaunchScreen.storyboard in Resources */,
				96042F70225C200F006DB823 /* Assets.xcassets in Resources */,
				96042F6E225C200E006DB823 /* Main.storyboard in Resources */,
			);
			runOnlyForDeploymentPostprocessing = 0;
		};
/* End PBXResourcesBuildPhase section */

/* Begin PBXShellScriptBuildPhase section */
		4049B320DAFAC4DA969A0A47 /* [CP] Check Pods Manifest.lock */ = {
			isa = PBXShellScriptBuildPhase;
			buildActionMask = 2147483647;
			files = (
			);
			inputFileListPaths = (
			);
			inputPaths = (
				"${PODS_PODFILE_DIR_PATH}/Podfile.lock",
				"${PODS_ROOT}/Manifest.lock",
			);
			name = "[CP] Check Pods Manifest.lock";
			outputFileListPaths = (
			);
			outputPaths = (
				"$(DERIVED_FILE_DIR)/Pods-Todoey-checkManifestLockResult.txt",
			);
			runOnlyForDeploymentPostprocessing = 0;
			shellPath = /bin/sh;
			shellScript = "diff \"${PODS_PODFILE_DIR_PATH}/Podfile.lock\" \"${PODS_ROOT}/Manifest.lock\" > /dev/null\nif [ $? != 0 ] ; then\n    # print error to STDERR\n    echo \"error: The sandbox is not in sync with the Podfile.lock. Run 'pod install' or update your CocoaPods installation.\" >&2\n    exit 1\nfi\n# This output is used by Xcode 'outputs' to avoid re-running this script phase.\necho \"SUCCESS\" > \"${SCRIPT_OUTPUT_FILE_0}\"\n";
			showEnvVarsInLog = 0;
		};
		5C3B500EE4CB2D1A135D6C64 /* [CP] Embed Pods Frameworks */ = {
			isa = PBXShellScriptBuildPhase;
			buildActionMask = 2147483647;
			files = (
			);
			inputFileListPaths = (
			);
			inputPaths = (
				"${PODS_ROOT}/Target Support Files/Pods-Todoey/Pods-Todoey-frameworks.sh",
				"${BUILT_PRODUCTS_DIR}/Realm/Realm.framework",
				"${BUILT_PRODUCTS_DIR}/RealmSwift/RealmSwift.framework",
				"${BUILT_PRODUCTS_DIR}/SwipeCellKit/SwipeCellKit.framework",
			);
			name = "[CP] Embed Pods Frameworks";
			outputFileListPaths = (
			);
			outputPaths = (
				"${TARGET_BUILD_DIR}/${FRAMEWORKS_FOLDER_PATH}/Realm.framework",
				"${TARGET_BUILD_DIR}/${FRAMEWORKS_FOLDER_PATH}/RealmSwift.framework",
				"${TARGET_BUILD_DIR}/${FRAMEWORKS_FOLDER_PATH}/SwipeCellKit.framework",
			);
			runOnlyForDeploymentPostprocessing = 0;
			shellPath = /bin/sh;
			shellScript = "\"${PODS_ROOT}/Target Support Files/Pods-Todoey/Pods-Todoey-frameworks.sh\"\n";
			showEnvVarsInLog = 0;
		};
/* End PBXShellScriptBuildPhase section */

/* Begin PBXSourcesBuildPhase section */
		96042F61225C200E006DB823 /* Sources */ = {
			isa = PBXSourcesBuildPhase;
			buildActionMask = 2147483647;
			files = (
				964B0C08228B96EA000FCA38 /* Item.swift in Sources */,
				96D48AB82284FFC7004C8044 /* CategoryViewController.swift in Sources */,
				96042F6B225C200E006DB823 /* TodoListViewController.swift in Sources */,
				96042F69225C200E006DB823 /* AppDelegate.swift in Sources */,
				96834A6422A0AE59000412AC /* SwipeTableViewController.swift in Sources */,
				964B0C0A228B96FA000FCA38 /* Category.swift in Sources */,
			);
			runOnlyForDeploymentPostprocessing = 0;
		};
/* End PBXSourcesBuildPhase section */

/* Begin PBXVariantGroup section */
		96042F6C225C200E006DB823 /* Main.storyboard */ = {
			isa = PBXVariantGroup;
			children = (
				96042F6D225C200E006DB823 /* Base */,
			);
			name = Main.storyboard;
			sourceTree = "<group>";
		};
		96042F71225C200F006DB823 /* LaunchScreen.storyboard */ = {
			isa = PBXVariantGroup;
			children = (
				96042F72225C200F006DB823 /* Base */,
			);
			name = LaunchScreen.storyboard;
			sourceTree = "<group>";
		};
/* End PBXVariantGroup section */

/* Begin XCBuildConfiguration section */
		96042F75225C200F006DB823 /* Debug */ = {
			isa = XCBuildConfiguration;
			buildSettings = {
				ALWAYS_SEARCH_USER_PATHS = NO;
				CLANG_ANALYZER_NONNULL = YES;
				CLANG_ANALYZER_NUMBER_OBJECT_CONVERSION = YES_AGGRESSIVE;
				CLANG_CXX_LANGUAGE_STANDARD = "gnu++14";
				CLANG_CXX_LIBRARY = "libc++";
				CLANG_ENABLE_MODULES = YES;
				CLANG_ENABLE_OBJC_ARC = YES;
				CLANG_ENABLE_OBJC_WEAK = YES;
				CLANG_WARN_BLOCK_CAPTURE_AUTORELEASING = YES;
				CLANG_WARN_BOOL_CONVERSION = YES;
				CLANG_WARN_COMMA = YES;
				CLANG_WARN_CONSTANT_CONVERSION = YES;
				CLANG_WARN_DEPRECATED_OBJC_IMPLEMENTATIONS = YES;
				CLANG_WARN_DIRECT_OBJC_ISA_USAGE = YES_ERROR;
				CLANG_WARN_DOCUMENTATION_COMMENTS = YES;
				CLANG_WARN_EMPTY_BODY = YES;
				CLANG_WARN_ENUM_CONVERSION = YES;
				CLANG_WARN_INFINITE_RECURSION = YES;
				CLANG_WARN_INT_CONVERSION = YES;
				CLANG_WARN_NON_LITERAL_NULL_CONVERSION = YES;
				CLANG_WARN_OBJC_IMPLICIT_RETAIN_SELF = YES;
				CLANG_WARN_OBJC_LITERAL_CONVERSION = YES;
				CLANG_WARN_OBJC_ROOT_CLASS = YES_ERROR;
				CLANG_WARN_RANGE_LOOP_ANALYSIS = YES;
				CLANG_WARN_STRICT_PROTOTYPES = YES;
				CLANG_WARN_SUSPICIOUS_MOVE = YES;
				CLANG_WARN_UNGUARDED_AVAILABILITY = YES_AGGRESSIVE;
				CLANG_WARN_UNREACHABLE_CODE = YES;
				CLANG_WARN__DUPLICATE_METHOD_MATCH = YES;
				CODE_SIGN_IDENTITY = "iPhone Developer";
				COPY_PHASE_STRIP = NO;
				DEBUG_INFORMATION_FORMAT = dwarf;
				ENABLE_STRICT_OBJC_MSGSEND = YES;
				ENABLE_TESTABILITY = YES;
				GCC_C_LANGUAGE_STANDARD = gnu11;
				GCC_DYNAMIC_NO_PIC = NO;
				GCC_NO_COMMON_BLOCKS = YES;
				GCC_OPTIMIZATION_LEVEL = 0;
				GCC_PREPROCESSOR_DEFINITIONS = (
					"DEBUG=1",
					"$(inherited)",
				);
				GCC_WARN_64_TO_32_BIT_CONVERSION = YES;
				GCC_WARN_ABOUT_RETURN_TYPE = YES_ERROR;
				GCC_WARN_UNDECLARED_SELECTOR = YES;
				GCC_WARN_UNINITIALIZED_AUTOS = YES_AGGRESSIVE;
				GCC_WARN_UNUSED_FUNCTION = YES;
				GCC_WARN_UNUSED_VARIABLE = YES;
				IPHONEOS_DEPLOYMENT_TARGET = 12.2;
				MTL_ENABLE_DEBUG_INFO = INCLUDE_SOURCE;
				MTL_FAST_MATH = YES;
				ONLY_ACTIVE_ARCH = YES;
				SDKROOT = iphoneos;
				SWIFT_ACTIVE_COMPILATION_CONDITIONS = DEBUG;
				SWIFT_OPTIMIZATION_LEVEL = "-Onone";
			};
			name = Debug;
		};
		96042F76225C200F006DB823 /* Release */ = {
			isa = XCBuildConfiguration;
			buildSettings = {
				ALWAYS_SEARCH_USER_PATHS = NO;
				CLANG_ANALYZER_NONNULL = YES;
				CLANG_ANALYZER_NUMBER_OBJECT_CONVERSION = YES_AGGRESSIVE;
				CLANG_CXX_LANGUAGE_STANDARD = "gnu++14";
				CLANG_CXX_LIBRARY = "libc++";
				CLANG_ENABLE_MODULES = YES;
				CLANG_ENABLE_OBJC_ARC = YES;
				CLANG_ENABLE_OBJC_WEAK = YES;
				CLANG_WARN_BLOCK_CAPTURE_AUTORELEASING = YES;
				CLANG_WARN_BOOL_CONVERSION = YES;
				CLANG_WARN_COMMA = YES;
				CLANG_WARN_CONSTANT_CONVERSION = YES;
				CLANG_WARN_DEPRECATED_OBJC_IMPLEMENTATIONS = YES;
				CLANG_WARN_DIRECT_OBJC_ISA_USAGE = YES_ERROR;
				CLANG_WARN_DOCUMENTATION_COMMENTS = YES;
				CLANG_WARN_EMPTY_BODY = YES;
				CLANG_WARN_ENUM_CONVERSION = YES;
				CLANG_WARN_INFINITE_RECURSION = YES;
				CLANG_WARN_INT_CONVERSION = YES;
				CLANG_WARN_NON_LITERAL_NULL_CONVERSION = YES;
				CLANG_WARN_OBJC_IMPLICIT_RETAIN_SELF = YES;
				CLANG_WARN_OBJC_LITERAL_CONVERSION = YES;
				CLANG_WARN_OBJC_ROOT_CLASS = YES_ERROR;
				CLANG_WARN_RANGE_LOOP_ANALYSIS = YES;
				CLANG_WARN_STRICT_PROTOTYPES = YES;
				CLANG_WARN_SUSPICIOUS_MOVE = YES;
				CLANG_WARN_UNGUARDED_AVAILABILITY = YES_AGGRESSIVE;
				CLANG_WARN_UNREACHABLE_CODE = YES;
				CLANG_WARN__DUPLICATE_METHOD_MATCH = YES;
				CODE_SIGN_IDENTITY = "iPhone Developer";
				COPY_PHASE_STRIP = NO;
				DEBUG_INFORMATION_FORMAT = "dwarf-with-dsym";
				ENABLE_NS_ASSERTIONS = NO;
				ENABLE_STRICT_OBJC_MSGSEND = YES;
				GCC_C_LANGUAGE_STANDARD = gnu11;
				GCC_NO_COMMON_BLOCKS = YES;
				GCC_WARN_64_TO_32_BIT_CONVERSION = YES;
				GCC_WARN_ABOUT_RETURN_TYPE = YES_ERROR;
				GCC_WARN_UNDECLARED_SELECTOR = YES;
				GCC_WARN_UNINITIALIZED_AUTOS = YES_AGGRESSIVE;
				GCC_WARN_UNUSED_FUNCTION = YES;
				GCC_WARN_UNUSED_VARIABLE = YES;
				IPHONEOS_DEPLOYMENT_TARGET = 12.2;
				MTL_ENABLE_DEBUG_INFO = NO;
				MTL_FAST_MATH = YES;
				SDKROOT = iphoneos;
				SWIFT_COMPILATION_MODE = wholemodule;
				SWIFT_OPTIMIZATION_LEVEL = "-O";
				VALIDATE_PRODUCT = YES;
			};
			name = Release;
		};
		96042F78225C200F006DB823 /* Debug */ = {
			isa = XCBuildConfiguration;
			baseConfigurationReference = 668E802165B6B3D14577E1C4 /* Pods-Todoey.debug.xcconfig */;
			buildSettings = {
				ASSETCATALOG_COMPILER_APPICON_NAME = AppIcon;
				CODE_SIGN_STYLE = Automatic;
				DEVELOPMENT_TEAM = 95P7XPDU94;
				INFOPLIST_FILE = Todoey/Info.plist;
				LD_RUNPATH_SEARCH_PATHS = (
					"$(inherited)",
					"@executable_path/Frameworks",
				);
				PRODUCT_BUNDLE_IDENTIFIER = com.stephenjenks.Todoey;
				PRODUCT_NAME = "$(TARGET_NAME)";
				SWIFT_VERSION = 5.0;
				TARGETED_DEVICE_FAMILY = "1,2";
			};
			name = Debug;
		};
		96042F79225C200F006DB823 /* Release */ = {
			isa = XCBuildConfiguration;
			baseConfigurationReference = 88A0BE5F6D005DCC4461D565 /* Pods-Todoey.release.xcconfig */;
			buildSettings = {
				ASSETCATALOG_COMPILER_APPICON_NAME = AppIcon;
				CODE_SIGN_STYLE = Automatic;
				DEVELOPMENT_TEAM = 95P7XPDU94;
				INFOPLIST_FILE = Todoey/Info.plist;
				LD_RUNPATH_SEARCH_PATHS = (
					"$(inherited)",
					"@executable_path/Frameworks",
				);
				PRODUCT_BUNDLE_IDENTIFIER = com.stephenjenks.Todoey;
				PRODUCT_NAME = "$(TARGET_NAME)";
				SWIFT_VERSION = 5.0;
				TARGETED_DEVICE_FAMILY = "1,2";
			};
			name = Release;
		};
/* End XCBuildConfiguration section */

/* Begin XCConfigurationList section */
		96042F60225C200E006DB823 /* Build configuration list for PBXProject "Todoey" */ = {
			isa = XCConfigurationList;
			buildConfigurations = (
				96042F75225C200F006DB823 /* Debug */,
				96042F76225C200F006DB823 /* Release */,
			);
			defaultConfigurationIsVisible = 0;
			defaultConfigurationName = Release;
		};
		96042F77225C200F006DB823 /* Build configuration list for PBXNativeTarget "Todoey" */ = {
			isa = XCConfigurationList;
			buildConfigurations = (
				96042F78225C200F006DB823 /* Debug */,
				96042F79225C200F006DB823 /* Release */,
			);
			defaultConfigurationIsVisible = 0;
			defaultConfigurationName = Release;
		};
/* End XCConfigurationList section */
	};
	rootObject = 96042F5D225C200E006DB823 /* Project object */;
}
